
Microsoft Visual Studio Solution File, Format Version 10.00
# Visual Studio 2008
Project("{FAE04EC0-301F-11D3-BF4B-00C04F79EFBC}") = "Paint", "Paint\Paint.csproj", "{1D9C3E4B-9C45-499D-8B0E-1CA0FFC0C299}"
EndProject
Global
	GlobalSection(SolutionConfigurationPlatforms) = preSolution
		Debug|Any CPU = Debug|Any CPU
		Release|Any CPU = Release|Any CPU
	EndGlobalSection
	GlobalSection(ProjectConfigurationPlatforms) = postSolution
		{1D9C3E4B-9C45-499D-8B0E-1CA0FFC0C299}.Debug|Any CPU.ActiveCfg = Debug|Any CPU
		{1D9C3E4B-9C45-499D-8B0E-1CA0FFC0C299}.Debug|Any CPU.Build.0 = Debug|Any CPU
		{1D9C3E4B-9C45-499D-8B0E-1CA0FFC0C299}.Release|Any CPU.ActiveCfg = Release|Any CPU
		{1D9C3E4B-9C45-499D-8B0E-1CA0FFC0C299}.Release|Any CPU.Build.0 = Release|Any CPU
	EndGlobalSection
	GlobalSection(SolutionProperties) = preSolution
		HideSolutionNode = FALSE
	EndGlobalSection
EndGlobal
